
Microsoft Visual Studio Solution File, Format Version 12.00
# Visual Studio Version 16
VisualStudioVersion = 16.0.30907.101
MinimumVisualStudioVersion = 10.0.40219.1
Project("{F184B08F-C81C-45F6-A57F-5ABD9991F28F}") = "Fase1_201602466", "Fase1_201602466\Fase1_201602466.vbproj", "{01BEA75C-2926-4E6B-AA93-1D59E86F197A}"
EndProject
Global
	GlobalSection(SolutionConfigurationPlatforms) = preSolution
		Debug|Any CPU = Debug|Any CPU
		Release|Any CPU = Release|Any CPU
	EndGlobalSection
	GlobalSection(ProjectConfigurationPlatforms) = postSolution
		{01BEA75C-2926-4E6B-AA93-1D59E86F197A}.Debug|Any CPU.ActiveCfg = Debug|Any CPU
		{01BEA75C-2926-4E6B-AA93-1D59E86F197A}.Debug|Any CPU.Build.0 = Debug|Any CPU
		{01BEA75C-2926-4E6B-AA93-1D59E86F197A}.Release|Any CPU.ActiveCfg = Release|Any CPU
		{01BEA75C-2926-4E6B-AA93-1D59E86F197A}.Release|Any CPU.Build.0 = Release|Any CPU
	EndGlobalSection
	GlobalSection(SolutionProperties) = preSolution
		HideSolutionNode = FALSE
	EndGlobalSection
	GlobalSection(ExtensibilityGlobals) = postSolution
		SolutionGuid = {DEFE043D-EA5A-435F-8FCE-E43F2DD6243E}
	EndGlobalSection
EndGlobal
